
Microsoft Visual Studio Solution File, Format Version 12.00
# Visual Studio Version 16
VisualStudioVersion = 16.0.28803.156
MinimumVisualStudioVersion = 10.0.40219.1
Project("{6EC3EE1D-3C4E-46DD-8F32-0CC8E7565705}") = "MyFirstSharpApp", "MyFirstSharpApp\MyFirstSharpApp.fsproj", "{A5BA3AD1-12B3-4391-BDF1-8E12412D6590}"
EndProject
Project("{6EC3EE1D-3C4E-46DD-8F32-0CC8E7565705}") = "ReadName", "ReadName\ReadName.fsproj", "{0E038495-CA89-4409-9B63-0567526622EF}"
EndProject
Project("{6EC3EE1D-3C4E-46DD-8F32-0CC8E7565705}") = "CapstoneOne", "CapstoneOne\CapstoneOne.fsproj", "{CCD5A03C-14CC-4381-B372-477017D9D813}"
EndProject
Project("{6EC3EE1D-3C4E-46DD-8F32-0CC8E7565705}") = "MySecondSharpApp", "MySecondSharpApp\MySecondSharpApp.fsproj", "{2574B03B-4C19-423A-93D0-01E3A27B4E34}"
EndProject
Project("{6EC3EE1D-3C4E-46DD-8F32-0CC8E7565705}") = "CapStoneTwo", "CapStoneTwo\CapStoneTwo.fsproj", "{EF54D198-021E-401B-926C-4DE9A258DECF}"
EndProject
Project("{F2A71F9B-5D33-465A-A702-920D77279786}") = "CapStoneThree", "CapStoneThree\CapStoneThree.fsproj", "{A71B9BE0-002F-41E9-ADFE-2B39FA9E5572}"
EndProject
Project("{6EC3EE1D-3C4E-46DD-8F32-0CC8E7565705}") = "CapStoneFour", "CapStoneFour\CapStoneFour.fsproj", "{955FF5A3-EDBB-46A8-B17C-24399BCA8D12}"
EndProject
Global
	GlobalSection(SolutionConfigurationPlatforms) = preSolution
		Debug|Any CPU = Debug|Any CPU
		Release|Any CPU = Release|Any CPU
	EndGlobalSection
	GlobalSection(ProjectConfigurationPlatforms) = postSolution
		{A5BA3AD1-12B3-4391-BDF1-8E12412D6590}.Debug|Any CPU.ActiveCfg = Debug|Any CPU
		{A5BA3AD1-12B3-4391-BDF1-8E12412D6590}.Debug|Any CPU.Build.0 = Debug|Any CPU
		{A5BA3AD1-12B3-4391-BDF1-8E12412D6590}.Release|Any CPU.ActiveCfg = Release|Any CPU
		{A5BA3AD1-12B3-4391-BDF1-8E12412D6590}.Release|Any CPU.Build.0 = Release|Any CPU
		{0E038495-CA89-4409-9B63-0567526622EF}.Debug|Any CPU.ActiveCfg = Debug|Any CPU
		{0E038495-CA89-4409-9B63-0567526622EF}.Debug|Any CPU.Build.0 = Debug|Any CPU
		{0E038495-CA89-4409-9B63-0567526622EF}.Release|Any CPU.ActiveCfg = Release|Any CPU
		{0E038495-CA89-4409-9B63-0567526622EF}.Release|Any CPU.Build.0 = Release|Any CPU
		{CCD5A03C-14CC-4381-B372-477017D9D813}.Debug|Any CPU.ActiveCfg = Debug|Any CPU
		{CCD5A03C-14CC-4381-B372-477017D9D813}.Debug|Any CPU.Build.0 = Debug|Any CPU
		{CCD5A03C-14CC-4381-B372-477017D9D813}.Release|Any CPU.ActiveCfg = Release|Any CPU
		{CCD5A03C-14CC-4381-B372-477017D9D813}.Release|Any CPU.Build.0 = Release|Any CPU
		{2574B03B-4C19-423A-93D0-01E3A27B4E34}.Debug|Any CPU.ActiveCfg = Debug|Any CPU
		{2574B03B-4C19-423A-93D0-01E3A27B4E34}.Debug|Any CPU.Build.0 = Debug|Any CPU
		{2574B03B-4C19-423A-93D0-01E3A27B4E34}.Release|Any CPU.ActiveCfg = Release|Any CPU
		{2574B03B-4C19-423A-93D0-01E3A27B4E34}.Release|Any CPU.Build.0 = Release|Any CPU
		{EF54D198-021E-401B-926C-4DE9A258DECF}.Debug|Any CPU.ActiveCfg = Debug|Any CPU
		{EF54D198-021E-401B-926C-4DE9A258DECF}.Debug|Any CPU.Build.0 = Debug|Any CPU
		{EF54D198-021E-401B-926C-4DE9A258DECF}.Release|Any CPU.ActiveCfg = Release|Any CPU
		{EF54D198-021E-401B-926C-4DE9A258DECF}.Release|Any CPU.Build.0 = Release|Any CPU
		{A71B9BE0-002F-41E9-ADFE-2B39FA9E5572}.Debug|Any CPU.ActiveCfg = Debug|Any CPU
		{A71B9BE0-002F-41E9-ADFE-2B39FA9E5572}.Debug|Any CPU.Build.0 = Debug|Any CPU
		{A71B9BE0-002F-41E9-ADFE-2B39FA9E5572}.Release|Any CPU.ActiveCfg = Release|Any CPU
		{A71B9BE0-002F-41E9-ADFE-2B39FA9E5572}.Release|Any CPU.Build.0 = Release|Any CPU
		{955FF5A3-EDBB-46A8-B17C-24399BCA8D12}.Debug|Any CPU.ActiveCfg = Debug|Any CPU
		{955FF5A3-EDBB-46A8-B17C-24399BCA8D12}.Debug|Any CPU.Build.0 = Debug|Any CPU
		{955FF5A3-EDBB-46A8-B17C-24399BCA8D12}.Release|Any CPU.ActiveCfg = Release|Any CPU
		{955FF5A3-EDBB-46A8-B17C-24399BCA8D12}.Release|Any CPU.Build.0 = Release|Any CPU
	EndGlobalSection
	GlobalSection(SolutionProperties) = preSolution
		HideSolutionNode = FALSE
	EndGlobalSection
	GlobalSection(ExtensibilityGlobals) = postSolution
		SolutionGuid = {28EAF8D4-5013-4A87-8E16-4B10BBAE44A0}
	EndGlobalSection
EndGlobal
